
Microsoft Visual Studio Solution File, Format Version 12.00
# Visual Studio Version 17
VisualStudioVersion = 17.6.33723.286
MinimumVisualStudioVersion = 10.0.40219.1
Project("{9A19103F-16F7-4668-BE54-9A1E7A4F7556}") = "SWApi.Net.Examples", "SWApi.Net.Examples\SWApi.Net.Examples.csproj", "{27AA6335-F5DE-455B-818C-618A61A05D63}"
EndProject
Project("{9A19103F-16F7-4668-BE54-9A1E7A4F7556}") = "SWApi.Net", "SWApi.Net\SWApi.Net.csproj", "{0A412A84-9C6F-4DA8-BB10-3ADD7559B125}"
EndProject
Project("{9A19103F-16F7-4668-BE54-9A1E7A4F7556}") = "SWApi.Net.Tests", "SWApi.Net.Tests\SWApi.Net.Tests.csproj", "{D814FCD6-DCCA-47DF-95D3-34EAFEE1C952}"
EndProject
Project("{2150E333-8FDC-42A3-9474-1A3956D46DE8}") = "Actions", "Actions", "{2D7ACAB3-6002-4487-8BC8-200823BDEE19}"
	ProjectSection(SolutionItems) = preProject
		.github\workflows\dotnet.yml = .github\workflows\dotnet.yml
	EndProjectSection
EndProject
Global
	GlobalSection(SolutionConfigurationPlatforms) = preSolution
		Debug|Any CPU = Debug|Any CPU
		Release|Any CPU = Release|Any CPU
	EndGlobalSection
	GlobalSection(ProjectConfigurationPlatforms) = postSolution
		{27AA6335-F5DE-455B-818C-618A61A05D63}.Debug|Any CPU.ActiveCfg = Debug|Any CPU
		{27AA6335-F5DE-455B-818C-618A61A05D63}.Debug|Any CPU.Build.0 = Debug|Any CPU
		{27AA6335-F5DE-455B-818C-618A61A05D63}.Release|Any CPU.ActiveCfg = Release|Any CPU
		{27AA6335-F5DE-455B-818C-618A61A05D63}.Release|Any CPU.Build.0 = Release|Any CPU
		{0A412A84-9C6F-4DA8-BB10-3ADD7559B125}.Debug|Any CPU.ActiveCfg = Debug|Any CPU
		{0A412A84-9C6F-4DA8-BB10-3ADD7559B125}.Debug|Any CPU.Build.0 = Debug|Any CPU
		{0A412A84-9C6F-4DA8-BB10-3ADD7559B125}.Release|Any CPU.ActiveCfg = Release|Any CPU
		{0A412A84-9C6F-4DA8-BB10-3ADD7559B125}.Release|Any CPU.Build.0 = Release|Any CPU
		{D814FCD6-DCCA-47DF-95D3-34EAFEE1C952}.Debug|Any CPU.ActiveCfg = Debug|Any CPU
		{D814FCD6-DCCA-47DF-95D3-34EAFEE1C952}.Debug|Any CPU.Build.0 = Debug|Any CPU
		{D814FCD6-DCCA-47DF-95D3-34EAFEE1C952}.Release|Any CPU.ActiveCfg = Release|Any CPU
		{D814FCD6-DCCA-47DF-95D3-34EAFEE1C952}.Release|Any CPU.Build.0 = Release|Any CPU
	EndGlobalSection
	GlobalSection(SolutionProperties) = preSolution
		HideSolutionNode = FALSE
	EndGlobalSection
	GlobalSection(ExtensibilityGlobals) = postSolution
		SolutionGuid = {D2B4998D-54A0-4BB0-860C-4EF6B3496790}
	EndGlobalSection
EndGlobal
